
Microsoft Visual Studio Solution File, Format Version 12.00
# Visual Studio Version 16
VisualStudioVersion = 16.0.30114.105
MinimumVisualStudioVersion = 10.0.40219.1
Project("{9A19103F-16F7-4668-BE54-9A1E7A4F7556}") = "Learning.DesignPatterns.Console", "Learning.DesignPatterns.Console.csproj", "{23AAF9D7-68F8-4023-A79E-26EB9D0E1D3A}"
EndProject
Global
	GlobalSection(SolutionConfigurationPlatforms) = preSolution
		Debug|Any CPU = Debug|Any CPU
		Release|Any CPU = Release|Any CPU
	EndGlobalSection
	GlobalSection(ProjectConfigurationPlatforms) = postSolution
		{23AAF9D7-68F8-4023-A79E-26EB9D0E1D3A}.Debug|Any CPU.ActiveCfg = Debug|Any CPU
		{23AAF9D7-68F8-4023-A79E-26EB9D0E1D3A}.Debug|Any CPU.Build.0 = Debug|Any CPU
		{23AAF9D7-68F8-4023-A79E-26EB9D0E1D3A}.Release|Any CPU.ActiveCfg = Release|Any CPU
		{23AAF9D7-68F8-4023-A79E-26EB9D0E1D3A}.Release|Any CPU.Build.0 = Release|Any CPU
	EndGlobalSection
	GlobalSection(SolutionProperties) = preSolution
		HideSolutionNode = FALSE
	EndGlobalSection
	GlobalSection(ExtensibilityGlobals) = postSolution
		SolutionGuid = {40ABA650-5DFB-4D53-8A84-CEDB3F36DBCB}
	EndGlobalSection
EndGlobal
